
Microsoft Visual Studio Solution File, Format Version 12.00
# Visual Studio Version 16
VisualStudioVersion = 16.0.32106.194
MinimumVisualStudioVersion = 10.0.40219.1
Project("{9A19103F-16F7-4668-BE54-9A1E7A4F7556}") = "readLetterFromWebsite", "readLetterFromWebsite.csproj", "{DD3284B3-5D01-4F30-A35E-E5F6F3E908EE}"
EndProject
Global
	GlobalSection(SolutionConfigurationPlatforms) = preSolution
		Debug|Any CPU = Debug|Any CPU
		Release|Any CPU = Release|Any CPU
	EndGlobalSection
	GlobalSection(ProjectConfigurationPlatforms) = postSolution
		{DD3284B3-5D01-4F30-A35E-E5F6F3E908EE}.Debug|Any CPU.ActiveCfg = Debug|Any CPU
		{DD3284B3-5D01-4F30-A35E-E5F6F3E908EE}.Debug|Any CPU.Build.0 = Debug|Any CPU
		{DD3284B3-5D01-4F30-A35E-E5F6F3E908EE}.Release|Any CPU.ActiveCfg = Release|Any CPU
		{DD3284B3-5D01-4F30-A35E-E5F6F3E908EE}.Release|Any CPU.Build.0 = Release|Any CPU
	EndGlobalSection
	GlobalSection(SolutionProperties) = preSolution
		HideSolutionNode = FALSE
	EndGlobalSection
	GlobalSection(ExtensibilityGlobals) = postSolution
		SolutionGuid = {670E938A-A366-4CB2-846E-9DCBA09683A9}
	EndGlobalSection
EndGlobal
